
Microsoft Visual Studio Solution File, Format Version 12.00
# Visual Studio 15
VisualStudioVersion = 15.0.27130.2024
MinimumVisualStudioVersion = 10.0.40219.1
Project("{9A19103F-16F7-4668-BE54-9A1E7A4F7556}") = "AJT.AuthServer", "AJT.AuthServer\AJT.AuthServer.csproj", "{90824F93-A6A9-4D17-9BB9-C4004401C6EA}"
EndProject
Global
	GlobalSection(SolutionConfigurationPlatforms) = preSolution
		Debug|Any CPU = Debug|Any CPU
		Release|Any CPU = Release|Any CPU
	EndGlobalSection
	GlobalSection(ProjectConfigurationPlatforms) = postSolution
		{90824F93-A6A9-4D17-9BB9-C4004401C6EA}.Debug|Any CPU.ActiveCfg = Debug|Any CPU
		{90824F93-A6A9-4D17-9BB9-C4004401C6EA}.Debug|Any CPU.Build.0 = Debug|Any CPU
		{90824F93-A6A9-4D17-9BB9-C4004401C6EA}.Release|Any CPU.ActiveCfg = Release|Any CPU
		{90824F93-A6A9-4D17-9BB9-C4004401C6EA}.Release|Any CPU.Build.0 = Release|Any CPU
	EndGlobalSection
	GlobalSection(SolutionProperties) = preSolution
		HideSolutionNode = FALSE
	EndGlobalSection
	GlobalSection(ExtensibilityGlobals) = postSolution
		SolutionGuid = {8AB87360-6012-455C-9B2E-E402B1D931FB}
	EndGlobalSection
EndGlobal
